
Microsoft Visual Studio Solution File, Format Version 12.00
# Visual Studio Version 16
VisualStudioVersion = 16.0.31624.102
MinimumVisualStudioVersion = 10.0.40219.1
Project("{FAE04EC0-301F-11D3-BF4B-00C04F79EFBC}") = "MyProject", "MyProject\MyProject.csproj", "{66D6C794-C6BD-4F1A-BE14-FAFE2BCB768E}"
EndProject
Global
	GlobalSection(SolutionConfigurationPlatforms) = preSolution
		Debug|Any CPU = Debug|Any CPU
		Release|Any CPU = Release|Any CPU
	EndGlobalSection
	GlobalSection(ProjectConfigurationPlatforms) = postSolution
		{66D6C794-C6BD-4F1A-BE14-FAFE2BCB768E}.Debug|Any CPU.ActiveCfg = Debug|Any CPU
		{66D6C794-C6BD-4F1A-BE14-FAFE2BCB768E}.Debug|Any CPU.Build.0 = Debug|Any CPU
		{66D6C794-C6BD-4F1A-BE14-FAFE2BCB768E}.Release|Any CPU.ActiveCfg = Release|Any CPU
		{66D6C794-C6BD-4F1A-BE14-FAFE2BCB768E}.Release|Any CPU.Build.0 = Release|Any CPU
	EndGlobalSection
	GlobalSection(SolutionProperties) = preSolution
		HideSolutionNode = FALSE
	EndGlobalSection
	GlobalSection(ExtensibilityGlobals) = postSolution
		SolutionGuid = {A630922C-91C0-4B52-9C6B-45A0B3A14CAB}
	EndGlobalSection
EndGlobal
